{
  "requires": true,
  "lockfileVersion": 1,
  "dependencies": {
    "@types/socket.io-client": {
      "version": "1.4.34",
      "resolved": "https://registry.npmjs.org/@types/socket.io-client/-/socket.io-client-1.4.34.tgz",
      "integrity": "sha512-Lzia5OTQFJZJ5R4HsEEldywiiqT9+W2rDbyHJiiTGqOcju89sCsQ8aUXDljY6Ls33wKZZGC0bfMhr/VpOyjtXg==",
      "dev": true
    }
  }
}
